
Microsoft Visual Studio Solution File, Format Version 12.00
# Visual Studio Version 17
VisualStudioVersion = 17.14.37710.0
MinimumVisualStudioVersion = 10.0.40219.1
Project("{2150E333-8FDC-42A3-9474-1A3956D46DE8}") = "src", "src", "{02EA681E-C7D8-13C7-8484-4AC65E1B71E8}"
EndProject
Project("{FAE04EC0-301F-11D3-BF4B-00C04F79EFBC}") = "SecureNotes.Domain", "SecureNotes.Domain\SecureNotes.Domain.csproj", "{8553D46C-5EC2-4C8F-B955-7BD0AF27B057}"
EndProject
Project("{FAE04EC0-301F-11D3-BF4B-00C04F79EFBC}") = "SecureNotes.Application", "SecureNotes.Application\SecureNotes.Application.csproj", "{7CB54397-B0F6-423D-BA38-9B6525CA3A39}"
EndProject
Project("{FAE04EC0-301F-11D3-BF4B-00C04F79EFBC}") = "SecureNotes.Infrastructure", "SecureNotes.Infrastructure\SecureNotes.Infrastructure.csproj", "{C10A3B68-C1F1-41A1-A21D-0F141EA7419F}"
EndProject
Project("{FAE04EC0-301F-11D3-BF4B-00C04F79EFBC}") = "SecureNotes.API", "SecureNotes.API\SecureNotes.API.csproj", "{B4016324-2697-4791-9EBF-B2CA73624DC2}"
EndProject
Project("{2150E333-8FDC-42A3-9474-1A3956D46DE8}") = "tests", "tests", "{0118D1F6-08CC-42AF-99BD-77B608B6E1E8}"
EndProject
Project("{FAE04EC0-301F-11D3-BF4B-00C04F79EFBC}") = "SecureNotes.Domain.Tests", "SecureNotes.Domain.Tests\SecureNotes.Domain.Tests.csproj", "{08C29F79-BF6D-48AC-9E73-21EBF23EA34B}"
EndProject
Global
	GlobalSection(SolutionConfigurationPlatforms) = preSolution
		Debug|Any CPU = Debug|Any CPU
		Release|Any CPU = Release|Any CPU
	EndGlobalSection
	GlobalSection(ProjectConfigurationPlatforms) = postSolution
		{8553D46C-5EC2-4C8F-B955-7BD0AF27B057}.Debug|Any CPU.ActiveCfg = Debug|Any CPU
		{8553D46C-5EC2-4C8F-B955-7BD0AF27B057}.Debug|Any CPU.Build.0 = Debug|Any CPU
		{8553D46C-5EC2-4C8F-B955-7BD0AF27B057}.Release|Any CPU.ActiveCfg = Release|Any CPU
		{8553D46C-5EC2-4C8F-B955-7BD0AF27B057}.Release|Any CPU.Build.0 = Release|Any CPU
		{7CB54397-B0F6-423D-BA38-9B6525CA3A39}.Debug|Any CPU.ActiveCfg = Debug|Any CPU
		{7CB54397-B0F6-423D-BA38-9B6525CA3A39}.Debug|Any CPU.Build.0 = Debug|Any CPU
		{7CB54397-B0F6-423D-BA38-9B6525CA3A39}.Release|Any CPU.ActiveCfg = Release|Any CPU
		{7CB54397-B0F6-423D-BA38-9B6525CA3A39}.Release|Any CPU.Build.0 = Release|Any CPU
		{C10A3B68-C1F1-41A1-A21D-0F141EA7419F}.Debug|Any CPU.ActiveCfg = Debug|Any CPU
		{C10A3B68-C1F1-41A1-A21D-0F141EA7419F}.Debug|Any CPU.Build.0 = Debug|Any CPU
		{C10A3B68-C1F1-41A1-A21D-0F141EA7419F}.Release|Any CPU.ActiveCfg = Release|Any CPU
		{C10A3B68-C1F1-41A1-A21D-0F141EA7419F}.Release|Any CPU.Build.0 = Release|Any CPU
		{B4016324-2697-4791-9EBF-B2CA73624DC2}.Debug|Any CPU.ActiveCfg = Debug|Any CPU
		{B4016324-2697-4791-9EBF-B2CA73624DC2}.Debug|Any CPU.Build.0 = Debug|Any CPU
		{B4016324-2697-4791-9EBF-B2CA73624DC2}.Release|Any CPU.ActiveCfg = Release|Any CPU
		{B4016324-2697-4791-9EBF-B2CA73624DC2}.Release|Any CPU.Build.0 = Release|Any CPU
		{08C29F79-BF6D-48AC-9E73-21EBF23EA34B}.Debug|Any CPU.ActiveCfg = Debug|Any CPU
		{08C29F79-BF6D-48AC-9E73-21EBF23EA34B}.Debug|Any CPU.Build.0 = Debug|Any CPU
		{08C29F79-BF6D-48AC-9E73-21EBF23EA34B}.Release|Any CPU.ActiveCfg = Release|Any CPU
		{08C29F79-BF6D-48AC-9E73-21EBF23EA34B}.Release|Any CPU.Build.0 = Release|Any CPU
	EndGlobalSection
	GlobalSection(SolutionProperties) = preSolution
		HideSolutionNode = FALSE
	EndGlobalSection
	GlobalSection(NestedProjects) = preSolution
		{8553D46C-5EC2-4C8F-B955-7BD0AF27B057} = {02EA681E-C7D8-13C7-8484-4AC65E1B71E8}
		{7CB54397-B0F6-423D-BA38-9B6525CA3A39} = {02EA681E-C7D8-13C7-8484-4AC65E1B71E8}
		{C10A3B68-C1F1-41A1-A21D-0F141EA7419F} = {02EA681E-C7D8-13C7-8484-4AC65E1B71E8}
		{B4016324-2697-4791-9EBF-B2CA73624DC2} = {02EA681E-C7D8-13C7-8484-4AC65E1B71E8}
		{08C29F79-BF6D-48AC-9E73-21EBF23EA34B} = {0118D1F6-08CC-42AF-99BD-77B608B6E1E8}
	EndGlobalSection
	GlobalSection(ExtensibilityGlobals) = postSolution
		SolutionGuid = {2C43FBE4-83A5-4EAD-B462-45DE596C7809}
	EndGlobalSection
EndGlobal
